PODS:
  - FeatureA (1.0.0):
    - FoundationFramework
  - FeatureB (1.0.0):
    - FoundationFramework/SubD
  - FoundationFramework (1.0.0):
    - FoundationFramework/SubA (= 1.0.0)
    - FoundationFramework/SubB (= 1.0.0)
    - FoundationFramework/SubC (= 1.0.0)
  - FoundationFramework/SubA (1.0.0)
  - FoundationFramework/SubB (1.0.0)
  - FoundationFramework/SubC (1.0.0)
  - FoundationFramework/SubD (1.0.0)

DEPENDENCIES:
  - FeatureA (from `FeatureA`)
  - FeatureB (from `FeatureB`)
  - FoundationFramework/SubA (from `FoundationFramework`)
  - FoundationFramework/SubB (from `FoundationFramework`)
  - FoundationFramework/SubC (from `FoundationFramework`)
  - FoundationFramework/SubD (from `FoundationFramework`)

EXTERNAL SOURCES:
  FeatureA:
    :path: FeatureA
  FeatureB:
    :path: FeatureB
  FoundationFramework:
    :path: FoundationFramework

SPEC CHECKSUMS:
  FeatureA: cb895e79a3d74cc4b10f43cdde9d165abb3739dc
  FeatureB: be021114e04de056502668e6f13d5711330994e9
  FoundationFramework: 9298302a93a564d4fa36169d782af08f9c049a6d

PODFILE CHECKSUM: 178b5e4dbbf1f02ded76f1b79804ea78b66d9ed4

COCOAPODS: 1.6.0.beta.1
